
Microsoft Visual Studio Solution File, Format Version 11.00
# Visual Studio 2010
# SharpDevelop 5.1
Project("{FAE04EC0-301F-11D3-BF4B-00C04F79EFBC}") = "embed", "embed\embed.csproj", "{76261B20-9AF1-48E4-AC3A-CBEE16D3FAFB}"
EndProject
Global
	GlobalSection(SolutionConfigurationPlatforms) = preSolution
		Debug|Any CPU = Debug|Any CPU
		Release|Any CPU = Release|Any CPU
	EndGlobalSection
	GlobalSection(ProjectConfigurationPlatforms) = postSolution
		{76261B20-9AF1-48E4-AC3A-CBEE16D3FAFB}.Debug|Any CPU.ActiveCfg = Debug|Any CPU
		{76261B20-9AF1-48E4-AC3A-CBEE16D3FAFB}.Debug|Any CPU.Build.0 = Debug|Any CPU
		{76261B20-9AF1-48E4-AC3A-CBEE16D3FAFB}.Release|Any CPU.ActiveCfg = Release|Any CPU
		{76261B20-9AF1-48E4-AC3A-CBEE16D3FAFB}.Release|Any CPU.Build.0 = Release|Any CPU
	EndGlobalSection
EndGlobal
